
Microsoft Visual Studio Solution File, Format Version 12.00
Project("{FAE04EC0-301F-11D3-BF4B-00C04F79EFBC}") = "DfD_Compulsory", "DfD_Compulsory\DfD_Compulsory.csproj", "{0DF35BE7-41A7-4E9C-A2AB-B76A2BDFB07B}"
EndProject
Global
	GlobalSection(SolutionConfigurationPlatforms) = preSolution
		Debug|Any CPU = Debug|Any CPU
		Release|Any CPU = Release|Any CPU
	EndGlobalSection
	GlobalSection(ProjectConfigurationPlatforms) = postSolution
		{0DF35BE7-41A7-4E9C-A2AB-B76A2BDFB07B}.Debug|Any CPU.ActiveCfg = Debug|Any CPU
		{0DF35BE7-41A7-4E9C-A2AB-B76A2BDFB07B}.Debug|Any CPU.Build.0 = Debug|Any CPU
		{0DF35BE7-41A7-4E9C-A2AB-B76A2BDFB07B}.Release|Any CPU.ActiveCfg = Release|Any CPU
		{0DF35BE7-41A7-4E9C-A2AB-B76A2BDFB07B}.Release|Any CPU.Build.0 = Release|Any CPU
	EndGlobalSection
EndGlobal
